{
  "name": "start",
  "lockfileVersion": 2,
  "requires": true,
  "packages": {
    "": {
      "dependencies": {
        "@buf/grpc_web_googleapis_googleapis": "^1.7.882",
        "@bufbuild/connect-web": "^0.1.0",
        "@bufbuild/protobuf": "^0.0.10"
      },
      "devDependencies": {
        "@bufbuild/protoc-gen-connect-web": "^0.1.0",
        "@bufbuild/protoc-gen-es": "^0.0.10"
      }
    },
    "node_modules/@buf/grpc_web_googleapis_googleapis": {
      "version": "1.7.882",
      "resolved": "https://npm.buf.build/@buf/grpc_web_googleapis_googleapis/1.7.882/tarball",
      "peerDependencies": {
        "@types/google-protobuf": "3.15.5",
        "google-protobuf": "v3.20.1",
        "grpc-web": "1.3.1"
      }
    },
    "node_modules/@bufbuild/connect-web": {
      "version": "0.1.0",
      "resolved": "https://registry.npmjs.org/@bufbuild/connect-web/-/connect-web-0.1.0.tgz",
      "integrity": "sha512-2f9f5p1eDGBF+xHWkwI8JSK5k1aOfe9ZgKoT6fPBREDrEW8m2e/yMSnSuHAcFyoFA9jwG4DzrQBfWSkqSFgzIw==",
      "peerDependencies": {
        "@bufbuild/protobuf": "0.0.10"
      }
    },
    "node_modules/@bufbuild/protobuf": {
      "version": "0.0.10",
      "resolved": "https://registry.npmjs.org/@bufbuild/protobuf/-/protobuf-0.0.10.tgz",
      "integrity": "sha512-KAIMq9+zgRms902o6Cwyv9q4+rf1cOlF41QpEPU8lWbyj+QViD7JjG4370Ev9JFJtJr1qO3ZMdjUhglH0gsDrg=="
    },
    "node_modules/@bufbuild/protoc-gen-connect-web": {
      "version": "0.1.0",
      "resolved": "https://registry.npmjs.org/@bufbuild/protoc-gen-connect-web/-/protoc-gen-connect-web-0.1.0.tgz",
      "integrity": "sha512-vcKLX2ZtSRCoNJMM0lgNTqZjWT2tWEdIS/8/gnWOV3i34FF5kuSINjlfPjl/7nbS5kSDvnjxupmVByMe7+rw8A==",
      "dev": true,
      "dependencies": {
        "@bufbuild/protoplugin": "0.0.10"
      },
      "bin": {
        "protoc-gen-connect-web": "bin/protoc-gen-connect-web"
      },
      "engines": {
        "node": ">=14"
      },
      "peerDependencies": {
        "@bufbuild/connect-web": "0.1.0",
        "@bufbuild/protoc-gen-es": "0.0.10"
      },
      "peerDependenciesMeta": {
        "@bufbuild/connect-web": {
          "optional": true
        },
        "@bufbuild/protoc-gen-es": {
          "optional": true
        }
      }
    },
    "node_modules/@bufbuild/protoc-gen-es": {
      "version": "0.0.10",
      "resolved": "https://registry.npmjs.org/@bufbuild/protoc-gen-es/-/protoc-gen-es-0.0.10.tgz",
      "integrity": "sha512-RhIEinP4eKyZH7Zr0IkZU8Jhp9kxeiuSHh71K0cAlsp0HR1YdBNJ56GW+1e9nJUV/gmFkbQ3L72X1TaWdZ548A==",
      "dev": true,
      "dependencies": {
        "@bufbuild/protoplugin": "0.0.10"
      },
      "bin": {
        "protoc-gen-es": "bin/protoc-gen-es"
      },
      "engines": {
        "node": ">=14"
      },
      "peerDependencies": {
        "@bufbuild/protobuf": "0.0.10"
      },
      "peerDependenciesMeta": {
        "@bufbuild/protobuf": {
          "optional": true
        }
      }
    },
    "node_modules/@bufbuild/protoplugin": {
      "version": "0.0.10",
      "resolved": "https://registry.npmjs.org/@bufbuild/protoplugin/-/protoplugin-0.0.10.tgz",
      "integrity": "sha512-cfC5ODqmkVpNNU8zXhZNSwXQgPZcG6Sqbe4d/UqiOyDh1kH6hYVEuqNKXNBRDzQXjwRAeBEi2m4Zp8MpCoP5Ug==",
      "dev": true,
      "dependencies": {
        "@bufbuild/protobuf": "0.0.10"
      }
    },
    "node_modules/@types/google-protobuf": {
      "version": "3.15.5",
      "resolved": "https://registry.npmjs.org/@types/google-protobuf/-/google-protobuf-3.15.5.tgz",
      "integrity": "sha512-6bgv24B+A2bo9AfzReeg5StdiijKzwwnRflA8RLd1V4Yv995LeTmo0z69/MPbBDFSiZWdZHQygLo/ccXhMEDgw==",
      "peer": true
    },
    "node_modules/google-protobuf": {
      "version": "3.20.1",
      "resolved": "https://registry.npmjs.org/google-protobuf/-/google-protobuf-3.20.1.tgz",
      "integrity": "sha512-XMf1+O32FjYIV3CYu6Tuh5PNbfNEU5Xu22X+Xkdb/DUexFlCzhvv7d5Iirm4AOwn8lv4al1YvIhzGrg2j9Zfzw==",
      "peer": true
    },
    "node_modules/grpc-web": {
      "version": "1.3.1",
      "resolved": "https://registry.npmjs.org/grpc-web/-/grpc-web-1.3.1.tgz",
      "integrity": "sha512-VxyYEAGsatecAFY3xieRDzsuhm92yQBsJD7fd5Z3MY150hZWPwkrUWetzJ0QK5W0uym4+VedPQrei38wk0eIjQ==",
      "peer": true
    }
  },
  "dependencies": {
    "@buf/grpc_web_googleapis_googleapis": {
      "version": "1.7.882",
      "resolved": "https://npm.buf.build/@buf/grpc_web_googleapis_googleapis/1.7.882/tarball",
      "requires": {}
    },
    "@bufbuild/connect-web": {
      "version": "0.1.0",
      "resolved": "https://registry.npmjs.org/@bufbuild/connect-web/-/connect-web-0.1.0.tgz",
      "integrity": "sha512-2f9f5p1eDGBF+xHWkwI8JSK5k1aOfe9ZgKoT6fPBREDrEW8m2e/yMSnSuHAcFyoFA9jwG4DzrQBfWSkqSFgzIw==",
      "requires": {}
    },
    "@bufbuild/protobuf": {
      "version": "0.0.10",
      "resolved": "https://registry.npmjs.org/@bufbuild/protobuf/-/protobuf-0.0.10.tgz",
      "integrity": "sha512-KAIMq9+zgRms902o6Cwyv9q4+rf1cOlF41QpEPU8lWbyj+QViD7JjG4370Ev9JFJtJr1qO3ZMdjUhglH0gsDrg=="
    },
    "@bufbuild/protoc-gen-connect-web": {
      "version": "0.1.0",
      "resolved": "https://registry.npmjs.org/@bufbuild/protoc-gen-connect-web/-/protoc-gen-connect-web-0.1.0.tgz",
      "integrity": "sha512-vcKLX2ZtSRCoNJMM0lgNTqZjWT2tWEdIS/8/gnWOV3i34FF5kuSINjlfPjl/7nbS5kSDvnjxupmVByMe7+rw8A==",
      "dev": true,
      "requires": {
        "@bufbuild/protoplugin": "0.0.10"
      }
    },
    "@bufbuild/protoc-gen-es": {
      "version": "0.0.10",
      "resolved": "https://registry.npmjs.org/@bufbuild/protoc-gen-es/-/protoc-gen-es-0.0.10.tgz",
      "integrity": "sha512-RhIEinP4eKyZH7Zr0IkZU8Jhp9kxeiuSHh71K0cAlsp0HR1YdBNJ56GW+1e9nJUV/gmFkbQ3L72X1TaWdZ548A==",
      "dev": true,
      "requires": {
        "@bufbuild/protoplugin": "0.0.10"
      }
    },
    "@bufbuild/protoplugin": {
      "version": "0.0.10",
      "resolved": "https://registry.npmjs.org/@bufbuild/protoplugin/-/protoplugin-0.0.10.tgz",
      "integrity": "sha512-cfC5ODqmkVpNNU8zXhZNSwXQgPZcG6Sqbe4d/UqiOyDh1kH6hYVEuqNKXNBRDzQXjwRAeBEi2m4Zp8MpCoP5Ug==",
      "dev": true,
      "requires": {
        "@bufbuild/protobuf": "0.0.10"
      }
    },
    "@types/google-protobuf": {
      "version": "3.15.5",
      "resolved": "https://registry.npmjs.org/@types/google-protobuf/-/google-protobuf-3.15.5.tgz",
      "integrity": "sha512-6bgv24B+A2bo9AfzReeg5StdiijKzwwnRflA8RLd1V4Yv995LeTmo0z69/MPbBDFSiZWdZHQygLo/ccXhMEDgw==",
      "peer": true
    },
    "google-protobuf": {
      "version": "3.20.1",
      "resolved": "https://registry.npmjs.org/google-protobuf/-/google-protobuf-3.20.1.tgz",
      "integrity": "sha512-XMf1+O32FjYIV3CYu6Tuh5PNbfNEU5Xu22X+Xkdb/DUexFlCzhvv7d5Iirm4AOwn8lv4al1YvIhzGrg2j9Zfzw==",
      "peer": true
    },
    "grpc-web": {
      "version": "1.3.1",
      "resolved": "https://registry.npmjs.org/grpc-web/-/grpc-web-1.3.1.tgz",
      "integrity": "sha512-VxyYEAGsatecAFY3xieRDzsuhm92yQBsJD7fd5Z3MY150hZWPwkrUWetzJ0QK5W0uym4+VedPQrei38wk0eIjQ==",
      "peer": true
    }
  }
}
